// !$*UTF8*$!
{
	archiveVersion = 1;
	classes = {
	};
	objectVersion = 50;
	objects = {

/* Begin PBXBuildFile section */
		2979728521A2A32D001FEEA2 /* GoogleService-Info.plist in Resources */ = {isa = PBXBuildFile; fileRef = 2979728421A2A32D001FEEA2 /* GoogleService-Info.plist */; };
		29D9599B218C32FB007BA76A /* ProjectTableViewCell.swift in Sources */ = {isa = PBXBuildFile; fileRef = 29D9599A218C32FB007BA76A /* ProjectTableViewCell.swift */; };
		29D9599D218C359A007BA76A /* LinkTableViewCell.swift in Sources */ = {isa = PBXBuildFile; fileRef = 29D9599C218C359A007BA76A /* LinkTableViewCell.swift */; };
		29DB832E218B262200CF8712 /* AppDelegate.swift in Sources */ = {isa = PBXBuildFile; fileRef = 29DB832D218B262200CF8712 /* AppDelegate.swift */; };
		29DB8330218B262200CF8712 /* BaseViewController.swift in Sources */ = {isa = PBXBuildFile; fileRef = 29DB832F218B262200CF8712 /* BaseViewController.swift */; };
		29DB8333218B262200CF8712 /* Main.storyboard in Resources */ = {isa = PBXBuildFile; fileRef = 29DB8331218B262200CF8712 /* Main.storyboard */; };
		29DB8335218B262800CF8712 /* Assets.xcassets in Resources */ = {isa = PBXBuildFile; fileRef = 29DB8334218B262800CF8712 /* Assets.xcassets */; };
		29DB8338218B262800CF8712 /* LaunchScreen.storyboard in Resources */ = {isa = PBXBuildFile; fileRef = 29DB8336218B262800CF8712 /* LaunchScreen.storyboard */; };
		29DB8343218B262800CF8712 /* LinkingTests.swift in Sources */ = {isa = PBXBuildFile; fileRef = 29DB8342218B262800CF8712 /* LinkingTests.swift */; };
		29DB834E218B262800CF8712 /* LinkingUITests.swift in Sources */ = {isa = PBXBuildFile; fileRef = 29DB834D218B262800CF8712 /* LinkingUITests.swift */; };
		29DB8360218B37F800CF8712 /* ProjectViewController.swift in Sources */ = {isa = PBXBuildFile; fileRef = 29DB835F218B37F800CF8712 /* ProjectViewController.swift */; };
		29DB8362218B381600CF8712 /* LinkViewController.swift in Sources */ = {isa = PBXBuildFile; fileRef = 29DB8361218B381600CF8712 /* LinkViewController.swift */; };
		29DB8365218B44E500CF8712 /* ProjectModel.swift in Sources */ = {isa = PBXBuildFile; fileRef = 29DB8364218B44E500CF8712 /* ProjectModel.swift */; };
		29DB8367218B459100CF8712 /* AddProjectViewController.swift in Sources */ = {isa = PBXBuildFile; fileRef = 29DB8366218B459100CF8712 /* AddProjectViewController.swift */; };
		29E8363F218B9DB8003802BE /* AddLinkViewController.swift in Sources */ = {isa = PBXBuildFile; fileRef = 29E8363E218B9DB8003802BE /* AddLinkViewController.swift */; };
		A06ECA845CEB57DFEF797C96 /* Pods_LinkingUITests.framework in Frameworks */ = {isa = PBXBuildFile; fileRef = E4BBC4BFBA3CB3A33C5F2AAF /* Pods_LinkingUITests.framework */; };
		A5618BA42B939A8FEB1D4C2E /* Pods_LinkingTests.framework in Frameworks */ = {isa = PBXBuildFile; fileRef = 41933E1D7635DDF24F37B90F /* Pods_LinkingTests.framework */; };
		E7E56E54D8F37F54C887B43F /* Pods_Linking.framework in Frameworks */ = {isa = PBXBuildFile; fileRef = 3C6AA66BC6AC74342EE0701E /* Pods_Linking.framework */; };
/* End PBXBuildFile section */

/* Begin PBXContainerItemProxy section */
		29DB833F218B262800CF8712 /* PBXContainerItemProxy */ = {
			isa = PBXContainerItemProxy;
			containerPortal = 29DB8322218B262200CF8712 /* Project object */;
			proxyType = 1;
			remoteGlobalIDString = 29DB8329218B262200CF8712;
			remoteInfo = Linking;
		};
		29DB834A218B262800CF8712 /* PBXContainerItemProxy */ = {
			isa = PBXContainerItemProxy;
			containerPortal = 29DB8322218B262200CF8712 /* Project object */;
			proxyType = 1;
			remoteGlobalIDString = 29DB8329218B262200CF8712;
			remoteInfo = Linking;
		};
/* End PBXContainerItemProxy section */

/* Begin PBXFileReference section */
		00A456FF743B273F816B6A05 /* Pods-LinkingUITests.release.xcconfig */ = {isa = PBXFileReference; includeInIndex = 1; lastKnownFileType = text.xcconfig; name = "Pods-LinkingUITests.release.xcconfig"; path = "Pods/Target Support Files/Pods-LinkingUITests/Pods-LinkingUITests.release.xcconfig"; sourceTree = "<group>"; };
		0B8C2777287E3C298B3E9FD7 /* Pods-LinkingTests.release.xcconfig */ = {isa = PBXFileReference; includeInIndex = 1; lastKnownFileType = text.xcconfig; name = "Pods-LinkingTests.release.xcconfig"; path = "Pods/Target Support Files/Pods-LinkingTests/Pods-LinkingTests.release.xcconfig"; sourceTree = "<group>"; };
		23099B4F0AACC7DE8834243D /* Pods-Linking.debug.xcconfig */ = {isa = PBXFileReference; includeInIndex = 1; lastKnownFileType = text.xcconfig; name = "Pods-Linking.debug.xcconfig"; path = "Pods/Target Support Files/Pods-Linking/Pods-Linking.debug.xcconfig"; sourceTree = "<group>"; };
		2979728421A2A32D001FEEA2 /* GoogleService-Info.plist */ = {isa = PBXFileReference; fileEncoding = 4; lastKnownFileType = text.plist.xml; path = "GoogleService-Info.plist"; sourceTree = "<group>"; };
		29D9599A218C32FB007BA76A /* ProjectTableViewCell.swift */ = {isa = PBXFileReference; lastKnownFileType = sourcecode.swift; path = ProjectTableViewCell.swift; sourceTree = "<group>"; };
		29D9599C218C359A007BA76A /* LinkTableViewCell.swift */ = {isa = PBXFileReference; lastKnownFileType = sourcecode.swift; path = LinkTableViewCell.swift; sourceTree = "<group>"; };
		29DB832A218B262200CF8712 /* Linking.app */ = {isa = PBXFileReference; explicitFileType = wrapper.application; includeInIndex = 0; path = Linking.app; sourceTree = BUILT_PRODUCTS_DIR; };
		29DB832D218B262200CF8712 /* AppDelegate.swift */ = {isa = PBXFileReference; lastKnownFileType = sourcecode.swift; path = AppDelegate.swift; sourceTree = "<group>"; };
		29DB832F218B262200CF8712 /* BaseViewController.swift */ = {isa = PBXFileReference; lastKnownFileType = sourcecode.swift; path = BaseViewController.swift; sourceTree = "<group>"; };
		29DB8332218B262200CF8712 /* Base */ = {isa = PBXFileReference; lastKnownFileType = file.storyboard; name = Base; path = Base.lproj/Main.storyboard; sourceTree = "<group>"; };
		29DB8334218B262800CF8712 /* Assets.xcassets */ = {isa = PBXFileReference; lastKnownFileType = folder.assetcatalog; path = Assets.xcassets; sourceTree = "<group>"; };
		29DB8337218B262800CF8712 /* Base */ = {isa = PBXFileReference; lastKnownFileType = file.storyboard; name = Base; path = Base.lproj/LaunchScreen.storyboard; sourceTree = "<group>"; };
		29DB8339218B262800CF8712 /* Info.plist */ = {isa = PBXFileReference; lastKnownFileType = text.plist.xml; path = Info.plist; sourceTree = "<group>"; };
		29DB833E218B262800CF8712 /* LinkingTests.xctest */ = {isa = PBXFileReference; explicitFileType = wrapper.cfbundle; includeInIndex = 0; path = LinkingTests.xctest; sourceTree = BUILT_PRODUCTS_DIR; };
		29DB8342218B262800CF8712 /* LinkingTests.swift */ = {isa = PBXFileReference; lastKnownFileType = sourcecode.swift; path = LinkingTests.swift; sourceTree = "<group>"; };
		29DB8344218B262800CF8712 /* Info.plist */ = {isa = PBXFileReference; lastKnownFileType = text.plist.xml; path = Info.plist; sourceTree = "<group>"; };
		29DB8349218B262800CF8712 /* LinkingUITests.xctest */ = {isa = PBXFileReference; explicitFileType = wrapper.cfbundle; includeInIndex = 0; path = LinkingUITests.xctest; sourceTree = BUILT_PRODUCTS_DIR; };
		29DB834D218B262800CF8712 /* LinkingUITests.swift */ = {isa = PBXFileReference; lastKnownFileType = sourcecode.swift; path = LinkingUITests.swift; sourceTree = "<group>"; };
		29DB834F218B262800CF8712 /* Info.plist */ = {isa = PBXFileReference; lastKnownFileType = text.plist.xml; path = Info.plist; sourceTree = "<group>"; };
		29DB835F218B37F800CF8712 /* ProjectViewController.swift */ = {isa = PBXFileReference; lastKnownFileType = sourcecode.swift; path = ProjectViewController.swift; sourceTree = "<group>"; };
		29DB8361218B381600CF8712 /* LinkViewController.swift */ = {isa = PBXFileReference; lastKnownFileType = sourcecode.swift; path = LinkViewController.swift; sourceTree = "<group>"; };
		29DB8364218B44E500CF8712 /* ProjectModel.swift */ = {isa = PBXFileReference; lastKnownFileType = sourcecode.swift; path = ProjectModel.swift; sourceTree = "<group>"; };
		29DB8366218B459100CF8712 /* AddProjectViewController.swift */ = {isa = PBXFileReference; lastKnownFileType = sourcecode.swift; path = AddProjectViewController.swift; sourceTree = "<group>"; };
		29E8363E218B9DB8003802BE /* AddLinkViewController.swift */ = {isa = PBXFileReference; lastKnownFileType = sourcecode.swift; path = AddLinkViewController.swift; sourceTree = "<group>"; };
		3C6AA66BC6AC74342EE0701E /* Pods_Linking.framework */ = {isa = PBXFileReference; explicitFileType = wrapper.framework; includeInIndex = 0; path = Pods_Linking.framework; sourceTree = BUILT_PRODUCTS_DIR; };
		41933E1D7635DDF24F37B90F /* Pods_LinkingTests.framework */ = {isa = PBXFileReference; explicitFileType = wrapper.framework; includeInIndex = 0; path = Pods_LinkingTests.framework; sourceTree = BUILT_PRODUCTS_DIR; };
		96CCD8ECA57BC9C5CC6225F2 /* Pods-LinkingUITests.debug.xcconfig */ = {isa = PBXFileReference; includeInIndex = 1; lastKnownFileType = text.xcconfig; name = "Pods-LinkingUITests.debug.xcconfig"; path = "Pods/Target Support Files/Pods-LinkingUITests/Pods-LinkingUITests.debug.xcconfig"; sourceTree = "<group>"; };
		E38A38E382DDE1F30804C1C6 /* Pods-LinkingTests.debug.xcconfig */ = {isa = PBXFileReference; includeInIndex = 1; lastKnownFileType = text.xcconfig; name = "Pods-LinkingTests.debug.xcconfig"; path = "Pods/Target Support Files/Pods-LinkingTests/Pods-LinkingTests.debug.xcconfig"; sourceTree = "<group>"; };
		E4BBC4BFBA3CB3A33C5F2AAF /* Pods_LinkingUITests.framework */ = {isa = PBXFileReference; explicitFileType = wrapper.framework; includeInIndex = 0; path = Pods_LinkingUITests.framework; sourceTree = BUILT_PRODUCTS_DIR; };
		F99178A02EAB102B813997D3 /* Pods-Linking.release.xcconfig */ = {isa = PBXFileReference; includeInIndex = 1; lastKnownFileType = text.xcconfig; name = "Pods-Linking.release.xcconfig"; path = "Pods/Target Support Files/Pods-Linking/Pods-Linking.release.xcconfig"; sourceTree = "<group>"; };
/* End PBXFileReference section */

/* Begin PBXFrameworksBuildPhase section */
		29DB8327218B262200CF8712 /* Frameworks */ = {
			isa = PBXFrameworksBuildPhase;
			buildActionMask = 2147483647;
			files = (
				E7E56E54D8F37F54C887B43F /* Pods_Linking.framework in Frameworks */,
			);
			runOnlyForDeploymentPostprocessing = 0;
		};
		29DB833B218B262800CF8712 /* Frameworks */ = {
			isa = PBXFrameworksBuildPhase;
			buildActionMask = 2147483647;
			files = (
				A5618BA42B939A8FEB1D4C2E /* Pods_LinkingTests.framework in Frameworks */,
			);
			runOnlyForDeploymentPostprocessing = 0;
		};
		29DB8346218B262800CF8712 /* Frameworks */ = {
			isa = PBXFrameworksBuildPhase;
			buildActionMask = 2147483647;
			files = (
				A06ECA845CEB57DFEF797C96 /* Pods_LinkingUITests.framework in Frameworks */,
			);
			runOnlyForDeploymentPostprocessing = 0;
		};
/* End PBXFrameworksBuildPhase section */

/* Begin PBXGroup section */
		24DB502506EB5FCF5C605CC5 /* Pods */ = {
			isa = PBXGroup;
			children = (
				23099B4F0AACC7DE8834243D /* Pods-Linking.debug.xcconfig */,
				F99178A02EAB102B813997D3 /* Pods-Linking.release.xcconfig */,
				E38A38E382DDE1F30804C1C6 /* Pods-LinkingTests.debug.xcconfig */,
				0B8C2777287E3C298B3E9FD7 /* Pods-LinkingTests.release.xcconfig */,
				96CCD8ECA57BC9C5CC6225F2 /* Pods-LinkingUITests.debug.xcconfig */,
				00A456FF743B273F816B6A05 /* Pods-LinkingUITests.release.xcconfig */,
			);
			name = Pods;
			sourceTree = "<group>";
		};
		29DB8321218B262200CF8712 = {
			isa = PBXGroup;
			children = (
				29DB832C218B262200CF8712 /* Linking */,
				29DB8341218B262800CF8712 /* LinkingTests */,
				29DB834C218B262800CF8712 /* LinkingUITests */,
				29DB832B218B262200CF8712 /* Products */,
				24DB502506EB5FCF5C605CC5 /* Pods */,
				7725F48EAC3B86F4440E3A6C /* Frameworks */,
			);
			sourceTree = "<group>";
		};
		29DB832B218B262200CF8712 /* Products */ = {
			isa = PBXGroup;
			children = (
				29DB832A218B262200CF8712 /* Linking.app */,
				29DB833E218B262800CF8712 /* LinkingTests.xctest */,
				29DB8349218B262800CF8712 /* LinkingUITests.xctest */,
			);
			name = Products;
			sourceTree = "<group>";
		};
		29DB832C218B262200CF8712 /* Linking */ = {
			isa = PBXGroup;
			children = (
				29DB835E218B373E00CF8712 /* ViewControllers */,
				29DB8363218B443000CF8712 /* Model */,
				29DB832D218B262200CF8712 /* AppDelegate.swift */,
				29DB832F218B262200CF8712 /* BaseViewController.swift */,
				29DB8331218B262200CF8712 /* Main.storyboard */,
				29DB8334218B262800CF8712 /* Assets.xcassets */,
				29DB8336218B262800CF8712 /* LaunchScreen.storyboard */,
				29DB8339218B262800CF8712 /* Info.plist */,
				2979728421A2A32D001FEEA2 /* GoogleService-Info.plist */,
			);
			path = Linking;
			sourceTree = "<group>";
		};
		29DB8341218B262800CF8712 /* LinkingTests */ = {
			isa = PBXGroup;
			children = (
				29DB8342218B262800CF8712 /* LinkingTests.swift */,
				29DB8344218B262800CF8712 /* Info.plist */,
			);
			path = LinkingTests;
			sourceTree = "<group>";
		};
		29DB834C218B262800CF8712 /* LinkingUITests */ = {
			isa = PBXGroup;
			children = (
				29DB834D218B262800CF8712 /* LinkingUITests.swift */,
				29DB834F218B262800CF8712 /* Info.plist */,
			);
			path = LinkingUITests;
			sourceTree = "<group>";
		};
		29DB835B218B370700CF8712 /* Project */ = {
			isa = PBXGroup;
			children = (
				29DB835F218B37F800CF8712 /* ProjectViewController.swift */,
				29D9599A218C32FB007BA76A /* ProjectTableViewCell.swift */,
			);
			path = Project;
			sourceTree = "<group>";
		};
		29DB835C218B371B00CF8712 /* Link */ = {
			isa = PBXGroup;
			children = (
				29DB8361218B381600CF8712 /* LinkViewController.swift */,
				29D9599C218C359A007BA76A /* LinkTableViewCell.swift */,
			);
			path = Link;
			sourceTree = "<group>";
		};
		29DB835D218B372E00CF8712 /* PopUp */ = {
			isa = PBXGroup;
			children = (
				29E83640218B9EDE003802BE /* Project */,
				29E83641218B9EEB003802BE /* Link */,
			);
			path = PopUp;
			sourceTree = "<group>";
		};
		29DB835E218B373E00CF8712 /* ViewControllers */ = {
			isa = PBXGroup;
			children = (
				29DB835B218B370700CF8712 /* Project */,
				29DB835C218B371B00CF8712 /* Link */,
				29DB835D218B372E00CF8712 /* PopUp */,
			);
			path = ViewControllers;
			sourceTree = "<group>";
		};
		29DB8363218B443000CF8712 /* Model */ = {
			isa = PBXGroup;
			children = (
				29DB8364218B44E500CF8712 /* ProjectModel.swift */,
			);
			path = Model;
			sourceTree = "<group>";
		};
		29E83640218B9EDE003802BE /* Project */ = {
			isa = PBXGroup;
			children = (
				29DB8366218B459100CF8712 /* AddProjectViewController.swift */,
			);
			path = Project;
			sourceTree = "<group>";
		};
		29E83641218B9EEB003802BE /* Link */ = {
			isa = PBXGroup;
			children = (
				29E8363E218B9DB8003802BE /* AddLinkViewController.swift */,
			);
			path = Link;
			sourceTree = "<group>";
		};
		7725F48EAC3B86F4440E3A6C /* Frameworks */ = {
			isa = PBXGroup;
			children = (
				3C6AA66BC6AC74342EE0701E /* Pods_Linking.framework */,
				41933E1D7635DDF24F37B90F /* Pods_LinkingTests.framework */,
				E4BBC4BFBA3CB3A33C5F2AAF /* Pods_LinkingUITests.framework */,
			);
			name = Frameworks;
			sourceTree = "<group>";
		};
/* End PBXGroup section */

/* Begin PBXNativeTarget section */
		29DB8329218B262200CF8712 /* Linking */ = {
			isa = PBXNativeTarget;
			buildConfigurationList = 29DB8352218B262800CF8712 /* Build configuration list for PBXNativeTarget "Linking" */;
			buildPhases = (
				E7584A7FDD6B1B49C14F712D /* [CP] Check Pods Manifest.lock */,
				29DB8326218B262200CF8712 /* Sources */,
				29DB8327218B262200CF8712 /* Frameworks */,
				29DB8328218B262200CF8712 /* Resources */,
				C2A27F33995D54DD4D2FF096 /* [CP] Embed Pods Frameworks */,
			);
			buildRules = (
			);
			dependencies = (
			);
			name = Linking;
			productName = Linking;
			productReference = 29DB832A218B262200CF8712 /* Linking.app */;
			productType = "com.apple.product-type.application";
		};
		29DB833D218B262800CF8712 /* LinkingTests */ = {
			isa = PBXNativeTarget;
			buildConfigurationList = 29DB8355218B262800CF8712 /* Build configuration list for PBXNativeTarget "LinkingTests" */;
			buildPhases = (
				388DFAF31D58AF297BA0EA1C /* [CP] Check Pods Manifest.lock */,
				29DB833A218B262800CF8712 /* Sources */,
				29DB833B218B262800CF8712 /* Frameworks */,
				29DB833C218B262800CF8712 /* Resources */,
			);
			buildRules = (
			);
			dependencies = (
				29DB8340218B262800CF8712 /* PBXTargetDependency */,
			);
			name = LinkingTests;
			productName = LinkingTests;
			productReference = 29DB833E218B262800CF8712 /* LinkingTests.xctest */;
			productType = "com.apple.product-type.bundle.unit-test";
		};
		29DB8348218B262800CF8712 /* LinkingUITests */ = {
			isa = PBXNativeTarget;
			buildConfigurationList = 29DB8358218B262800CF8712 /* Build configuration list for PBXNativeTarget "LinkingUITests" */;
			buildPhases = (
				8EA91213CC4EAB24495425F1 /* [CP] Check Pods Manifest.lock */,
				29DB8345218B262800CF8712 /* Sources */,
				29DB8346218B262800CF8712 /* Frameworks */,
				29DB8347218B262800CF8712 /* Resources */,
			);
			buildRules = (
			);
			dependencies = (
				29DB834B218B262800CF8712 /* PBXTargetDependency */,
			);
			name = LinkingUITests;
			productName = LinkingUITests;
			productReference = 29DB8349218B262800CF8712 /* LinkingUITests.xctest */;
			productType = "com.apple.product-type.bundle.ui-testing";
		};
/* End PBXNativeTarget section */

/* Begin PBXProject section */
		29DB8322218B262200CF8712 /* Project object */ = {
			isa = PBXProject;
			attributes = {
				LastSwiftUpdateCheck = 0940;
				LastUpgradeCheck = 0940;
				ORGANIZATIONNAME = "Glny Gl";
				TargetAttributes = {
					29DB8329218B262200CF8712 = {
						CreatedOnToolsVersion = 9.4.1;
					};
					29DB833D218B262800CF8712 = {
						CreatedOnToolsVersion = 9.4.1;
						TestTargetID = 29DB8329218B262200CF8712;
					};
					29DB8348218B262800CF8712 = {
						CreatedOnToolsVersion = 9.4.1;
						TestTargetID = 29DB8329218B262200CF8712;
					};
				};
			};
			buildConfigurationList = 29DB8325218B262200CF8712 /* Build configuration list for PBXProject "Linking" */;
			compatibilityVersion = "Xcode 9.3";
			developmentRegion = en;
			hasScannedForEncodings = 0;
			knownRegions = (
				en,
				Base,
			);
			mainGroup = 29DB8321218B262200CF8712;
			productRefGroup = 29DB832B218B262200CF8712 /* Products */;
			projectDirPath = "";
			projectRoot = "";
			targets = (
				29DB8329218B262200CF8712 /* Linking */,
				29DB833D218B262800CF8712 /* LinkingTests */,
				29DB8348218B262800CF8712 /* LinkingUITests */,
			);
		};
/* End PBXProject section */

/* Begin PBXResourcesBuildPhase section */
		29DB8328218B262200CF8712 /* Resources */ = {
			isa = PBXResourcesBuildPhase;
			buildActionMask = 2147483647;
			files = (
				29DB8338218B262800CF8712 /* LaunchScreen.storyboard in Resources */,
				2979728521A2A32D001FEEA2 /* GoogleService-Info.plist in Resources */,
				29DB8335218B262800CF8712 /* Assets.xcassets in Resources */,
				29DB8333218B262200CF8712 /* Main.storyboard in Resources */,
			);
			runOnlyForDeploymentPostprocessing = 0;
		};
		29DB833C218B262800CF8712 /* Resources */ = {
			isa = PBXResourcesBuildPhase;
			buildActionMask = 2147483647;
			files = (
			);
			runOnlyForDeploymentPostprocessing = 0;
		};
		29DB8347218B262800CF8712 /* Resources */ = {
			isa = PBXResourcesBuildPhase;
			buildActionMask = 2147483647;
			files = (
			);
			runOnlyForDeploymentPostprocessing = 0;
		};
/* End PBXResourcesBuildPhase section */

/* Begin PBXShellScriptBuildPhase section */
		388DFAF31D58AF297BA0EA1C /* [CP] Check Pods Manifest.lock */ = {
			isa = PBXShellScriptBuildPhase;
			buildActionMask = 2147483647;
			files = (
			);
			inputPaths = (
				"${PODS_PODFILE_DIR_PATH}/Podfile.lock",
				"${PODS_ROOT}/Manifest.lock",
			);
			name = "[CP] Check Pods Manifest.lock";
			outputPaths = (
				"$(DERIVED_FILE_DIR)/Pods-LinkingTests-checkManifestLockResult.txt",
			);
			runOnlyForDeploymentPostprocessing = 0;
			shellPath = /bin/sh;
			shellScript = "diff \"${PODS_PODFILE_DIR_PATH}/Podfile.lock\" \"${PODS_ROOT}/Manifest.lock\" > /dev/null\nif [ $? != 0 ] ; then\n    # print error to STDERR\n    echo \"error: The sandbox is not in sync with the Podfile.lock. Run 'pod install' or update your CocoaPods installation.\" >&2\n    exit 1\nfi\n# This output is used by Xcode 'outputs' to avoid re-running this script phase.\necho \"SUCCESS\" > \"${SCRIPT_OUTPUT_FILE_0}\"\n";
			showEnvVarsInLog = 0;
		};
		8EA91213CC4EAB24495425F1 /* [CP] Check Pods Manifest.lock */ = {
			isa = PBXShellScriptBuildPhase;
			buildActionMask = 2147483647;
			files = (
			);
			inputPaths = (
				"${PODS_PODFILE_DIR_PATH}/Podfile.lock",
				"${PODS_ROOT}/Manifest.lock",
			);
			name = "[CP] Check Pods Manifest.lock";
			outputPaths = (
				"$(DERIVED_FILE_DIR)/Pods-LinkingUITests-checkManifestLockResult.txt",
			);
			runOnlyForDeploymentPostprocessing = 0;
			shellPath = /bin/sh;
			shellScript = "diff \"${PODS_PODFILE_DIR_PATH}/Podfile.lock\" \"${PODS_ROOT}/Manifest.lock\" > /dev/null\nif [ $? != 0 ] ; then\n    # print error to STDERR\n    echo \"error: The sandbox is not in sync with the Podfile.lock. Run 'pod install' or update your CocoaPods installation.\" >&2\n    exit 1\nfi\n# This output is used by Xcode 'outputs' to avoid re-running this script phase.\necho \"SUCCESS\" > \"${SCRIPT_OUTPUT_FILE_0}\"\n";
			showEnvVarsInLog = 0;
		};
		C2A27F33995D54DD4D2FF096 /* [CP] Embed Pods Frameworks */ = {
			isa = PBXShellScriptBuildPhase;
			buildActionMask = 2147483647;
			files = (
			);
			inputPaths = (
				"${SRCROOT}/Pods/Target Support Files/Pods-Linking/Pods-Linking-frameworks.sh",
				"${BUILT_PRODUCTS_DIR}/ActionSheetPicker-3.0/ActionSheetPicker_3_0.framework",
				"${BUILT_PRODUCTS_DIR}/GoogleUtilities/GoogleUtilities.framework",
				"${BUILT_PRODUCTS_DIR}/SVProgressHUD/SVProgressHUD.framework",
				"${BUILT_PRODUCTS_DIR}/leveldb-library/leveldb.framework",
				"${BUILT_PRODUCTS_DIR}/nanopb/nanopb.framework",
			);
			name = "[CP] Embed Pods Frameworks";
			outputPaths = (
				"${TARGET_BUILD_DIR}/${FRAMEWORKS_FOLDER_PATH}/ActionSheetPicker_3_0.framework",
				"${TARGET_BUILD_DIR}/${FRAMEWORKS_FOLDER_PATH}/GoogleUtilities.framework",
				"${TARGET_BUILD_DIR}/${FRAMEWORKS_FOLDER_PATH}/SVProgressHUD.framework",
				"${TARGET_BUILD_DIR}/${FRAMEWORKS_FOLDER_PATH}/leveldb.framework",
				"${TARGET_BUILD_DIR}/${FRAMEWORKS_FOLDER_PATH}/nanopb.framework",
			);
			runOnlyForDeploymentPostprocessing = 0;
			shellPath = /bin/sh;
			shellScript = "\"${SRCROOT}/Pods/Target Support Files/Pods-Linking/Pods-Linking-frameworks.sh\"\n";
			showEnvVarsInLog = 0;
		};
		E7584A7FDD6B1B49C14F712D /* [CP] Check Pods Manifest.lock */ = {
			isa = PBXShellScriptBuildPhase;
			buildActionMask = 2147483647;
			files = (
			);
			inputPaths = (
				"${PODS_PODFILE_DIR_PATH}/Podfile.lock",
				"${PODS_ROOT}/Manifest.lock",
			);
			name = "[CP] Check Pods Manifest.lock";
			outputPaths = (
				"$(DERIVED_FILE_DIR)/Pods-Linking-checkManifestLockResult.txt",
			);
			runOnlyForDeploymentPostprocessing = 0;
			shellPath = /bin/sh;
			shellScript = "diff \"${PODS_PODFILE_DIR_PATH}/Podfile.lock\" \"${PODS_ROOT}/Manifest.lock\" > /dev/null\nif [ $? != 0 ] ; then\n    # print error to STDERR\n    echo \"error: The sandbox is not in sync with the Podfile.lock. Run 'pod install' or update your CocoaPods installation.\" >&2\n    exit 1\nfi\n# This output is used by Xcode 'outputs' to avoid re-running this script phase.\necho \"SUCCESS\" > \"${SCRIPT_OUTPUT_FILE_0}\"\n";
			showEnvVarsInLog = 0;
		};
/* End PBXShellScriptBuildPhase section */

/* Begin PBXSourcesBuildPhase section */
		29DB8326218B262200CF8712 /* Sources */ = {
			isa = PBXSourcesBuildPhase;
			buildActionMask = 2147483647;
			files = (
				29DB8365218B44E500CF8712 /* ProjectModel.swift in Sources */,
				29DB8362218B381600CF8712 /* LinkViewController.swift in Sources */,
				29DB8367218B459100CF8712 /* AddProjectViewController.swift in Sources */,
				29E8363F218B9DB8003802BE /* AddLinkViewController.swift in Sources */,
				29DB8330218B262200CF8712 /* BaseViewController.swift in Sources */,
				29DB832E218B262200CF8712 /* AppDelegate.swift in Sources */,
				29D9599B218C32FB007BA76A /* ProjectTableViewCell.swift in Sources */,
				29DB8360218B37F800CF8712 /* ProjectViewController.swift in Sources */,
				29D9599D218C359A007BA76A /* LinkTableViewCell.swift in Sources */,
			);
			runOnlyForDeploymentPostprocessing = 0;
		};
		29DB833A218B262800CF8712 /* Sources */ = {
			isa = PBXSourcesBuildPhase;
			buildActionMask = 2147483647;
			files = (
				29DB8343218B262800CF8712 /* LinkingTests.swift in Sources */,
			);
			runOnlyForDeploymentPostprocessing = 0;
		};
		29DB8345218B262800CF8712 /* Sources */ = {
			isa = PBXSourcesBuildPhase;
			buildActionMask = 2147483647;
			files = (
				29DB834E218B262800CF8712 /* LinkingUITests.swift in Sources */,
			);
			runOnlyForDeploymentPostprocessing = 0;
		};
/* End PBXSourcesBuildPhase section */

/* Begin PBXTargetDependency section */
		29DB8340218B262800CF8712 /* PBXTargetDependency */ = {
			isa = PBXTargetDependency;
			target = 29DB8329218B262200CF8712 /* Linking */;
			targetProxy = 29DB833F218B262800CF8712 /* PBXContainerItemProxy */;
		};
		29DB834B218B262800CF8712 /* PBXTargetDependency */ = {
			isa = PBXTargetDependency;
			target = 29DB8329218B262200CF8712 /* Linking */;
			targetProxy = 29DB834A218B262800CF8712 /* PBXContainerItemProxy */;
		};
/* End PBXTargetDependency section */

/* Begin PBXVariantGroup section */
		29DB8331218B262200CF8712 /* Main.storyboard */ = {
			isa = PBXVariantGroup;
			children = (
				29DB8332218B262200CF8712 /* Base */,
			);
			name = Main.storyboard;
			sourceTree = "<group>";
		};
		29DB8336218B262800CF8712 /* LaunchScreen.storyboard */ = {
			isa = PBXVariantGroup;
			children = (
				29DB8337218B262800CF8712 /* Base */,
			);
			name = LaunchScreen.storyboard;
			sourceTree = "<group>";
		};
/* End PBXVariantGroup section */

/* Begin XCBuildConfiguration section */
		29DB8350218B262800CF8712 /* Debug */ = {
			isa = XCBuildConfiguration;
			buildSettings = {
				ALWAYS_SEARCH_USER_PATHS = NO;
				CLANG_ANALYZER_NONNULL = YES;
				CLANG_ANALYZER_NUMBER_OBJECT_CONVERSION = YES_AGGRESSIVE;
				CLANG_CXX_LANGUAGE_STANDARD = "gnu++14";
				CLANG_CXX_LIBRARY = "libc++";
				CLANG_ENABLE_MODULES = YES;
				CLANG_ENABLE_OBJC_ARC = YES;
				CLANG_ENABLE_OBJC_WEAK = YES;
				CLANG_WARN_BLOCK_CAPTURE_AUTORELEASING = YES;
				CLANG_WARN_BOOL_CONVERSION = YES;
				CLANG_WARN_COMMA = YES;
				CLANG_WARN_CONSTANT_CONVERSION = YES;
				CLANG_WARN_DEPRECATED_OBJC_IMPLEMENTATIONS = YES;
				CLANG_WARN_DIRECT_OBJC_ISA_USAGE = YES_ERROR;
				CLANG_WARN_DOCUMENTATION_COMMENTS = YES;
				CLANG_WARN_EMPTY_BODY = YES;
				CLANG_WARN_ENUM_CONVERSION = YES;
				CLANG_WARN_INFINITE_RECURSION = YES;
				CLANG_WARN_INT_CONVERSION = YES;
				CLANG_WARN_NON_LITERAL_NULL_CONVERSION = YES;
				CLANG_WARN_OBJC_IMPLICIT_RETAIN_SELF = YES;
				CLANG_WARN_OBJC_LITERAL_CONVERSION = YES;
				CLANG_WARN_OBJC_ROOT_CLASS = YES_ERROR;
				CLANG_WARN_RANGE_LOOP_ANALYSIS = YES;
				CLANG_WARN_STRICT_PROTOTYPES = YES;
				CLANG_WARN_SUSPICIOUS_MOVE = YES;
				CLANG_WARN_UNGUARDED_AVAILABILITY = YES_AGGRESSIVE;
				CLANG_WARN_UNREACHABLE_CODE = YES;
				CLANG_WARN__DUPLICATE_METHOD_MATCH = YES;
				CODE_SIGN_IDENTITY = "iPhone Developer";
				COPY_PHASE_STRIP = NO;
				DEBUG_INFORMATION_FORMAT = dwarf;
				ENABLE_STRICT_OBJC_MSGSEND = YES;
				ENABLE_TESTABILITY = YES;
				GCC_C_LANGUAGE_STANDARD = gnu11;
				GCC_DYNAMIC_NO_PIC = NO;
				GCC_NO_COMMON_BLOCKS = YES;
				GCC_OPTIMIZATION_LEVEL = 0;
				GCC_PREPROCESSOR_DEFINITIONS = (
					"DEBUG=1",
					"$(inherited)",
				);
				GCC_WARN_64_TO_32_BIT_CONVERSION = YES;
				GCC_WARN_ABOUT_RETURN_TYPE = YES_ERROR;
				GCC_WARN_UNDECLARED_SELECTOR = YES;
				GCC_WARN_UNINITIALIZED_AUTOS = YES_AGGRESSIVE;
				GCC_WARN_UNUSED_FUNCTION = YES;
				GCC_WARN_UNUSED_VARIABLE = YES;
				IPHONEOS_DEPLOYMENT_TARGET = 11.4;
				MTL_ENABLE_DEBUG_INFO = YES;
				ONLY_ACTIVE_ARCH = YES;
				SDKROOT = iphoneos;
				SWIFT_ACTIVE_COMPILATION_CONDITIONS = DEBUG;
				SWIFT_OPTIMIZATION_LEVEL = "-Onone";
			};
			name = Debug;
		};
		29DB8351218B262800CF8712 /* Release */ = {
			isa = XCBuildConfiguration;
			buildSettings = {
				ALWAYS_SEARCH_USER_PATHS = NO;
				CLANG_ANALYZER_NONNULL = YES;
				CLANG_ANALYZER_NUMBER_OBJECT_CONVERSION = YES_AGGRESSIVE;
				CLANG_CXX_LANGUAGE_STANDARD = "gnu++14";
				CLANG_CXX_LIBRARY = "libc++";
				CLANG_ENABLE_MODULES = YES;
				CLANG_ENABLE_OBJC_ARC = YES;
				CLANG_ENABLE_OBJC_WEAK = YES;
				CLANG_WARN_BLOCK_CAPTURE_AUTORELEASING = YES;
				CLANG_WARN_BOOL_CONVERSION = YES;
				CLANG_WARN_COMMA = YES;
				CLANG_WARN_CONSTANT_CONVERSION = YES;
				CLANG_WARN_DEPRECATED_OBJC_IMPLEMENTATIONS = YES;
				CLANG_WARN_DIRECT_OBJC_ISA_USAGE = YES_ERROR;
				CLANG_WARN_DOCUMENTATION_COMMENTS = YES;
				CLANG_WARN_EMPTY_BODY = YES;
				CLANG_WARN_ENUM_CONVERSION = YES;
				CLANG_WARN_INFINITE_RECURSION = YES;
				CLANG_WARN_INT_CONVERSION = YES;
				CLANG_WARN_NON_LITERAL_NULL_CONVERSION = YES;
				CLANG_WARN_OBJC_IMPLICIT_RETAIN_SELF = YES;
				CLANG_WARN_OBJC_LITERAL_CONVERSION = YES;
				CLANG_WARN_OBJC_ROOT_CLASS = YES_ERROR;
				CLANG_WARN_RANGE_LOOP_ANALYSIS = YES;
				CLANG_WARN_STRICT_PROTOTYPES = YES;
				CLANG_WARN_SUSPICIOUS_MOVE = YES;
				CLANG_WARN_UNGUARDED_AVAILABILITY = YES_AGGRESSIVE;
				CLANG_WARN_UNREACHABLE_CODE = YES;
				CLANG_WARN__DUPLICATE_METHOD_MATCH = YES;
				CODE_SIGN_IDENTITY = "iPhone Developer";
				COPY_PHASE_STRIP = NO;
				DEBUG_INFORMATION_FORMAT = "dwarf-with-dsym";
				ENABLE_NS_ASSERTIONS = NO;
				ENABLE_STRICT_OBJC_MSGSEND = YES;
				GCC_C_LANGUAGE_STANDARD = gnu11;
				GCC_NO_COMMON_BLOCKS = YES;
				GCC_WARN_64_TO_32_BIT_CONVERSION = YES;
				GCC_WARN_ABOUT_RETURN_TYPE = YES_ERROR;
				GCC_WARN_UNDECLARED_SELECTOR = YES;
				GCC_WARN_UNINITIALIZED_AUTOS = YES_AGGRESSIVE;
				GCC_WARN_UNUSED_FUNCTION = YES;
				GCC_WARN_UNUSED_VARIABLE = YES;
				IPHONEOS_DEPLOYMENT_TARGET = 11.4;
				MTL_ENABLE_DEBUG_INFO = NO;
				SDKROOT = iphoneos;
				SWIFT_COMPILATION_MODE = wholemodule;
				SWIFT_OPTIMIZATION_LEVEL = "-O";
				VALIDATE_PRODUCT = YES;
			};
			name = Release;
		};
		29DB8353218B262800CF8712 /* Debug */ = {
			isa = XCBuildConfiguration;
			baseConfigurationReference = 23099B4F0AACC7DE8834243D /* Pods-Linking.debug.xcconfig */;
			buildSettings = {
				ASSETCATALOG_COMPILER_APPICON_NAME = AppIcon;
				CODE_SIGN_STYLE = Automatic;
				INFOPLIST_FILE = Linking/Info.plist;
				LD_RUNPATH_SEARCH_PATHS = (
					"$(inherited)",
					"@executable_path/Frameworks",
				);
				PRODUCT_BUNDLE_IDENTIFIER = com.glnygl.Linking;
				PRODUCT_NAME = "$(TARGET_NAME)";
				SWIFT_VERSION = 4.0;
				TARGETED_DEVICE_FAMILY = "1,2";
			};
			name = Debug;
		};
		29DB8354218B262800CF8712 /* Release */ = {
			isa = XCBuildConfiguration;
			baseConfigurationReference = F99178A02EAB102B813997D3 /* Pods-Linking.release.xcconfig */;
			buildSettings = {
				ASSETCATALOG_COMPILER_APPICON_NAME = AppIcon;
				CODE_SIGN_STYLE = Automatic;
				INFOPLIST_FILE = Linking/Info.plist;
				LD_RUNPATH_SEARCH_PATHS = (
					"$(inherited)",
					"@executable_path/Frameworks",
				);
				PRODUCT_BUNDLE_IDENTIFIER = com.glnygl.Linking;
				PRODUCT_NAME = "$(TARGET_NAME)";
				SWIFT_VERSION = 4.0;
				TARGETED_DEVICE_FAMILY = "1,2";
			};
			name = Release;
		};
		29DB8356218B262800CF8712 /* Debug */ = {
			isa = XCBuildConfiguration;
			baseConfigurationReference = E38A38E382DDE1F30804C1C6 /* Pods-LinkingTests.debug.xcconfig */;
			buildSettings = {
				ALWAYS_EMBED_SWIFT_STANDARD_LIBRARIES = YES;
				BUNDLE_LOADER = "$(TEST_HOST)";
				CODE_SIGN_STYLE = Automatic;
				INFOPLIST_FILE = LinkingTests/Info.plist;
				LD_RUNPATH_SEARCH_PATHS = (
					"$(inherited)",
					"@executable_path/Frameworks",
					"@loader_path/Frameworks",
				);
				PRODUCT_BUNDLE_IDENTIFIER = com.glnygl.LinkingTests;
				PRODUCT_NAME = "$(TARGET_NAME)";
				SWIFT_VERSION = 4.0;
				TARGETED_DEVICE_FAMILY = "1,2";
				TEST_HOST = "$(BUILT_PRODUCTS_DIR)/Linking.app/Linking";
			};
			name = Debug;
		};
		29DB8357218B262800CF8712 /* Release */ = {
			isa = XCBuildConfiguration;
			baseConfigurationReference = 0B8C2777287E3C298B3E9FD7 /* Pods-LinkingTests.release.xcconfig */;
			buildSettings = {
				ALWAYS_EMBED_SWIFT_STANDARD_LIBRARIES = YES;
				BUNDLE_LOADER = "$(TEST_HOST)";
				CODE_SIGN_STYLE = Automatic;
				INFOPLIST_FILE = LinkingTests/Info.plist;
				LD_RUNPATH_SEARCH_PATHS = (
					"$(inherited)",
					"@executable_path/Frameworks",
					"@loader_path/Frameworks",
				);
				PRODUCT_BUNDLE_IDENTIFIER = com.glnygl.LinkingTests;
				PRODUCT_NAME = "$(TARGET_NAME)";
				SWIFT_VERSION = 4.0;
				TARGETED_DEVICE_FAMILY = "1,2";
				TEST_HOST = "$(BUILT_PRODUCTS_DIR)/Linking.app/Linking";
			};
			name = Release;
		};
		29DB8359218B262800CF8712 /* Debug */ = {
			isa = XCBuildConfiguration;
			baseConfigurationReference = 96CCD8ECA57BC9C5CC6225F2 /* Pods-LinkingUITests.debug.xcconfig */;
			buildSettings = {
				ALWAYS_EMBED_SWIFT_STANDARD_LIBRARIES = YES;
				CODE_SIGN_STYLE = Automatic;
				INFOPLIST_FILE = LinkingUITests/Info.plist;
				LD_RUNPATH_SEARCH_PATHS = (
					"$(inherited)",
					"@executable_path/Frameworks",
					"@loader_path/Frameworks",
				);
				PRODUCT_BUNDLE_IDENTIFIER = com.glnygl.LinkingUITests;
				PRODUCT_NAME = "$(TARGET_NAME)";
				SWIFT_VERSION = 4.0;
				TARGETED_DEVICE_FAMILY = "1,2";
				TEST_TARGET_NAME = Linking;
			};
			name = Debug;
		};
		29DB835A218B262800CF8712 /* Release */ = {
			isa = XCBuildConfiguration;
			baseConfigurationReference = 00A456FF743B273F816B6A05 /* Pods-LinkingUITests.release.xcconfig */;
			buildSettings = {
				ALWAYS_EMBED_SWIFT_STANDARD_LIBRARIES = YES;
				CODE_SIGN_STYLE = Automatic;
				INFOPLIST_FILE = LinkingUITests/Info.plist;
				LD_RUNPATH_SEARCH_PATHS = (
					"$(inherited)",
					"@executable_path/Frameworks",
					"@loader_path/Frameworks",
				);
				PRODUCT_BUNDLE_IDENTIFIER = com.glnygl.LinkingUITests;
				PRODUCT_NAME = "$(TARGET_NAME)";
				SWIFT_VERSION = 4.0;
				TARGETED_DEVICE_FAMILY = "1,2";
				TEST_TARGET_NAME = Linking;
			};
			name = Release;
		};
/* End XCBuildConfiguration section */

/* Begin XCConfigurationList section */
		29DB8325218B262200CF8712 /* Build configuration list for PBXProject "Linking" */ = {
			isa = XCConfigurationList;
			buildConfigurations = (
				29DB8350218B262800CF8712 /* Debug */,
				29DB8351218B262800CF8712 /* Release */,
			);
			defaultConfigurationIsVisible = 0;
			defaultConfigurationName = Release;
		};
		29DB8352218B262800CF8712 /* Build configuration list for PBXNativeTarget "Linking" */ = {
			isa = XCConfigurationList;
			buildConfigurations = (
				29DB8353218B262800CF8712 /* Debug */,
				29DB8354218B262800CF8712 /* Release */,
			);
			defaultConfigurationIsVisible = 0;
			defaultConfigurationName = Release;
		};
		29DB8355218B262800CF8712 /* Build configuration list for PBXNativeTarget "LinkingTests" */ = {
			isa = XCConfigurationList;
			buildConfigurations = (
				29DB8356218B262800CF8712 /* Debug */,
				29DB8357218B262800CF8712 /* Release */,
			);
			defaultConfigurationIsVisible = 0;
			defaultConfigurationName = Release;
		};
		29DB8358218B262800CF8712 /* Build configuration list for PBXNativeTarget "LinkingUITests" */ = {
			isa = XCConfigurationList;
			buildConfigurations = (
				29DB8359218B262800CF8712 /* Debug */,
				29DB835A218B262800CF8712 /* Release */,
			);
			defaultConfigurationIsVisible = 0;
			defaultConfigurationName = Release;
		};
/* End XCConfigurationList section */
	};
	rootObject = 29DB8322218B262200CF8712 /* Project object */;
}
